// !$*UTF8*$!
{
	archiveVersion = 1;
	classes = {
	};
	objectVersion = 56;
	objects = {

/* Begin PBXBuildFile section */
		510C93F299780603BB09C837 /* Pods_ListOfNotes.framework in Frameworks */ = {isa = PBXBuildFile; fileRef = 3803D564E230639CFB9D54FE /* Pods_ListOfNotes.framework */; };
		820C8E712B0502060076DD68 /* PersistenceManager.swift in Sources */ = {isa = PBXBuildFile; fileRef = 820C8E702B0502060076DD68 /* PersistenceManager.swift */; };
		820C8E732B0504BB0076DD68 /* TODOListItemObject.swift in Sources */ = {isa = PBXBuildFile; fileRef = 820C8E722B0504BB0076DD68 /* TODOListItemObject.swift */; };
		82474F2C2B06139600A11480 /* TODOListDataSource.swift in Sources */ = {isa = PBXBuildFile; fileRef = 82474F2B2B06139600A11480 /* TODOListDataSource.swift */; };
		82474F2E2B0613F700A11480 /* TODOListItem .swift in Sources */ = {isa = PBXBuildFile; fileRef = 82474F2D2B0613F700A11480 /* TODOListItem .swift */; };
		82474F322B06144F00A11480 /* TODOListItemDetailsViewController.swift in Sources */ = {isa = PBXBuildFile; fileRef = 82474F312B06144F00A11480 /* TODOListItemDetailsViewController.swift */; };
		82474F342B0614A000A11480 /* TODOListViewController.swift in Sources */ = {isa = PBXBuildFile; fileRef = 82474F332B0614A000A11480 /* TODOListViewController.swift */; };
		82E44CD52B04F7970040B370 /* AppDelegate.swift in Sources */ = {isa = PBXBuildFile; fileRef = 82E44CD42B04F7970040B370 /* AppDelegate.swift */; };
		82E44CD72B04F7970040B370 /* SceneDelegate.swift in Sources */ = {isa = PBXBuildFile; fileRef = 82E44CD62B04F7970040B370 /* SceneDelegate.swift */; };
		82E44CD92B04F7970040B370 /* ViewController.swift in Sources */ = {isa = PBXBuildFile; fileRef = 82E44CD82B04F7970040B370 /* ViewController.swift */; };
		82E44CDC2B04F7970040B370 /* Main.storyboard in Resources */ = {isa = PBXBuildFile; fileRef = 82E44CDA2B04F7970040B370 /* Main.storyboard */; };
		82E44CDE2B04F7990040B370 /* Assets.xcassets in Resources */ = {isa = PBXBuildFile; fileRef = 82E44CDD2B04F7990040B370 /* Assets.xcassets */; };
		82E44CE12B04F7990040B370 /* LaunchScreen.storyboard in Resources */ = {isa = PBXBuildFile; fileRef = 82E44CDF2B04F7990040B370 /* LaunchScreen.storyboard */; };
/* End PBXBuildFile section */

/* Begin PBXFileReference section */
		3803D564E230639CFB9D54FE /* Pods_ListOfNotes.framework */ = {isa = PBXFileReference; explicitFileType = wrapper.framework; includeInIndex = 0; path = Pods_ListOfNotes.framework; sourceTree = BUILT_PRODUCTS_DIR; };
		70FA167990D3C764A8892F1A /* Pods-ListOfNotes.debug.xcconfig */ = {isa = PBXFileReference; includeInIndex = 1; lastKnownFileType = text.xcconfig; name = "Pods-ListOfNotes.debug.xcconfig"; path = "Target Support Files/Pods-ListOfNotes/Pods-ListOfNotes.debug.xcconfig"; sourceTree = "<group>"; };
		820C8E702B0502060076DD68 /* PersistenceManager.swift */ = {isa = PBXFileReference; lastKnownFileType = sourcecode.swift; path = PersistenceManager.swift; sourceTree = "<group>"; };
		820C8E722B0504BB0076DD68 /* TODOListItemObject.swift */ = {isa = PBXFileReference; lastKnownFileType = sourcecode.swift; path = TODOListItemObject.swift; sourceTree = "<group>"; };
		82474F2B2B06139600A11480 /* TODOListDataSource.swift */ = {isa = PBXFileReference; lastKnownFileType = sourcecode.swift; path = TODOListDataSource.swift; sourceTree = "<group>"; };
		82474F2D2B0613F700A11480 /* TODOListItem .swift */ = {isa = PBXFileReference; lastKnownFileType = sourcecode.swift; path = "TODOListItem .swift"; sourceTree = "<group>"; };
		82474F312B06144F00A11480 /* TODOListItemDetailsViewController.swift */ = {isa = PBXFileReference; lastKnownFileType = sourcecode.swift; path = TODOListItemDetailsViewController.swift; sourceTree = "<group>"; };
		82474F332B0614A000A11480 /* TODOListViewController.swift */ = {isa = PBXFileReference; lastKnownFileType = sourcecode.swift; path = TODOListViewController.swift; sourceTree = "<group>"; };
		82E44CD12B04F7970040B370 /* ListOfNotes.app */ = {isa = PBXFileReference; explicitFileType = wrapper.application; includeInIndex = 0; path = ListOfNotes.app; sourceTree = BUILT_PRODUCTS_DIR; };
		82E44CD42B04F7970040B370 /* AppDelegate.swift */ = {isa = PBXFileReference; lastKnownFileType = sourcecode.swift; path = AppDelegate.swift; sourceTree = "<group>"; };
		82E44CD62B04F7970040B370 /* SceneDelegate.swift */ = {isa = PBXFileReference; lastKnownFileType = sourcecode.swift; path = SceneDelegate.swift; sourceTree = "<group>"; };
		82E44CD82B04F7970040B370 /* ViewController.swift */ = {isa = PBXFileReference; lastKnownFileType = sourcecode.swift; path = ViewController.swift; sourceTree = "<group>"; };
		82E44CDB2B04F7970040B370 /* Base */ = {isa = PBXFileReference; lastKnownFileType = file.storyboard; name = Base; path = Base.lproj/Main.storyboard; sourceTree = "<group>"; };
		82E44CDD2B04F7990040B370 /* Assets.xcassets */ = {isa = PBXFileReference; lastKnownFileType = folder.assetcatalog; path = Assets.xcassets; sourceTree = "<group>"; };
		82E44CE02B04F7990040B370 /* Base */ = {isa = PBXFileReference; lastKnownFileType = file.storyboard; name = Base; path = Base.lproj/LaunchScreen.storyboard; sourceTree = "<group>"; };
		82E44CE22B04F7990040B370 /* Info.plist */ = {isa = PBXFileReference; lastKnownFileType = text.plist.xml; path = Info.plist; sourceTree = "<group>"; };
		8FEAACA66BFB2273AC90F7E5 /* Pods-ListOfNotes.release.xcconfig */ = {isa = PBXFileReference; includeInIndex = 1; lastKnownFileType = text.xcconfig; name = "Pods-ListOfNotes.release.xcconfig"; path = "Target Support Files/Pods-ListOfNotes/Pods-ListOfNotes.release.xcconfig"; sourceTree = "<group>"; };
/* End PBXFileReference section */

/* Begin PBXFrameworksBuildPhase section */
		82E44CCE2B04F7970040B370 /* Frameworks */ = {
			isa = PBXFrameworksBuildPhase;
			buildActionMask = 2147483647;
			files = (
				510C93F299780603BB09C837 /* Pods_ListOfNotes.framework in Frameworks */,
			);
			runOnlyForDeploymentPostprocessing = 0;
		};
/* End PBXFrameworksBuildPhase section */

/* Begin PBXGroup section */
		820C8E742B0504D60076DD68 /* PersistenceStorage */ = {
			isa = PBXGroup;
			children = (
				820C8E702B0502060076DD68 /* PersistenceManager.swift */,
				820C8E722B0504BB0076DD68 /* TODOListItemObject.swift */,
			);
			path = PersistenceStorage;
			sourceTree = "<group>";
		};
		82E44CC82B04F7970040B370 = {
			isa = PBXGroup;
			children = (
				82E44CD32B04F7970040B370 /* ListOfNotes */,
				82E44CD22B04F7970040B370 /* Products */,
				DB7C573E10993EF7F42DB822 /* Pods */,
				C179B237A6CFDC659225D35F /* Frameworks */,
			);
			sourceTree = "<group>";
		};
		82E44CD22B04F7970040B370 /* Products */ = {
			isa = PBXGroup;
			children = (
				82E44CD12B04F7970040B370 /* ListOfNotes.app */,
			);
			name = Products;
			sourceTree = "<group>";
		};
		82E44CD32B04F7970040B370 /* ListOfNotes */ = {
			isa = PBXGroup;
			children = (
				820C8E742B0504D60076DD68 /* PersistenceStorage */,
				82E44CD42B04F7970040B370 /* AppDelegate.swift */,
				82E44CD62B04F7970040B370 /* SceneDelegate.swift */,
				82E44CD82B04F7970040B370 /* ViewController.swift */,
				82474F2B2B06139600A11480 /* TODOListDataSource.swift */,
				82474F2D2B0613F700A11480 /* TODOListItem .swift */,
				82474F312B06144F00A11480 /* TODOListItemDetailsViewController.swift */,
				82474F332B0614A000A11480 /* TODOListViewController.swift */,
				82E44CE22B04F7990040B370 /* Info.plist */,
				82E44CDD2B04F7990040B370 /* Assets.xcassets */,
				82E44CDA2B04F7970040B370 /* Main.storyboard */,
				82E44CDF2B04F7990040B370 /* LaunchScreen.storyboard */,
			);
			path = ListOfNotes;
			sourceTree = "<group>";
		};
		C179B237A6CFDC659225D35F /* Frameworks */ = {
			isa = PBXGroup;
			children = (
				3803D564E230639CFB9D54FE /* Pods_ListOfNotes.framework */,
			);
			name = Frameworks;
			sourceTree = "<group>";
		};
		DB7C573E10993EF7F42DB822 /* Pods */ = {
			isa = PBXGroup;
			children = (
				70FA167990D3C764A8892F1A /* Pods-ListOfNotes.debug.xcconfig */,
				8FEAACA66BFB2273AC90F7E5 /* Pods-ListOfNotes.release.xcconfig */,
			);
			path = Pods;
			sourceTree = "<group>";
		};
/* End PBXGroup section */

/* Begin PBXNativeTarget section */
		82E44CD02B04F7970040B370 /* ListOfNotes */ = {
			isa = PBXNativeTarget;
			buildConfigurationList = 82E44CE52B04F7990040B370 /* Build configuration list for PBXNativeTarget "ListOfNotes" */;
			buildPhases = (
				77C1F81780D792F649A045C4 /* [CP] Check Pods Manifest.lock */,
				82E44CCD2B04F7970040B370 /* Sources */,
				82E44CCE2B04F7970040B370 /* Frameworks */,
				82E44CCF2B04F7970040B370 /* Resources */,
				D6DC497835B4F436D564FA58 /* [CP] Embed Pods Frameworks */,
			);
			buildRules = (
			);
			dependencies = (
			);
			name = ListOfNotes;
			productName = ListOfNotes;
			productReference = 82E44CD12B04F7970040B370 /* ListOfNotes.app */;
			productType = "com.apple.product-type.application";
		};
/* End PBXNativeTarget section */

/* Begin PBXProject section */
		82E44CC92B04F7970040B370 /* Project object */ = {
			isa = PBXProject;
			attributes = {
				BuildIndependentTargetsInParallel = 1;
				LastSwiftUpdateCheck = 1420;
				LastUpgradeCheck = 1420;
				TargetAttributes = {
					82E44CD02B04F7970040B370 = {
						CreatedOnToolsVersion = 14.2;
					};
				};
			};
			buildConfigurationList = 82E44CCC2B04F7970040B370 /* Build configuration list for PBXProject "ListOfNotes" */;
			compatibilityVersion = "Xcode 14.0";
			developmentRegion = en;
			hasScannedForEncodings = 0;
			knownRegions = (
				en,
				Base,
			);
			mainGroup = 82E44CC82B04F7970040B370;
			productRefGroup = 82E44CD22B04F7970040B370 /* Products */;
			projectDirPath = "";
			projectRoot = "";
			targets = (
				82E44CD02B04F7970040B370 /* ListOfNotes */,
			);
		};
/* End PBXProject section */

/* Begin PBXResourcesBuildPhase section */
		82E44CCF2B04F7970040B370 /* Resources */ = {
			isa = PBXResourcesBuildPhase;
			buildActionMask = 2147483647;
			files = (
				82E44CE12B04F7990040B370 /* LaunchScreen.storyboard in Resources */,
				82E44CDE2B04F7990040B370 /* Assets.xcassets in Resources */,
				82E44CDC2B04F7970040B370 /* Main.storyboard in Resources */,
			);
			runOnlyForDeploymentPostprocessing = 0;
		};
/* End PBXResourcesBuildPhase section */

/* Begin PBXShellScriptBuildPhase section */
		77C1F81780D792F649A045C4 /* [CP] Check Pods Manifest.lock */ = {
			isa = PBXShellScriptBuildPhase;
			buildActionMask = 2147483647;
			files = (
			);
			inputFileListPaths = (
			);
			inputPaths = (
				"${PODS_PODFILE_DIR_PATH}/Podfile.lock",
				"${PODS_ROOT}/Manifest.lock",
			);
			name = "[CP] Check Pods Manifest.lock";
			outputFileListPaths = (
			);
			outputPaths = (
				"$(DERIVED_FILE_DIR)/Pods-ListOfNotes-checkManifestLockResult.txt",
			);
			runOnlyForDeploymentPostprocessing = 0;
			shellPath = /bin/sh;
			shellScript = "diff \"${PODS_PODFILE_DIR_PATH}/Podfile.lock\" \"${PODS_ROOT}/Manifest.lock\" > /dev/null\nif [ $? != 0 ] ; then\n    # print error to STDERR\n    echo \"error: The sandbox is not in sync with the Podfile.lock. Run 'pod install' or update your CocoaPods installation.\" >&2\n    exit 1\nfi\n# This output is used by Xcode 'outputs' to avoid re-running this script phase.\necho \"SUCCESS\" > \"${SCRIPT_OUTPUT_FILE_0}\"\n";
			showEnvVarsInLog = 0;
		};
		D6DC497835B4F436D564FA58 /* [CP] Embed Pods Frameworks */ = {
			isa = PBXShellScriptBuildPhase;
			buildActionMask = 2147483647;
			files = (
			);
			inputFileListPaths = (
				"${PODS_ROOT}/Target Support Files/Pods-ListOfNotes/Pods-ListOfNotes-frameworks-${CONFIGURATION}-input-files.xcfilelist",
			);
			name = "[CP] Embed Pods Frameworks";
			outputFileListPaths = (
				"${PODS_ROOT}/Target Support Files/Pods-ListOfNotes/Pods-ListOfNotes-frameworks-${CONFIGURATION}-output-files.xcfilelist",
			);
			runOnlyForDeploymentPostprocessing = 0;
			shellPath = /bin/sh;
			shellScript = "\"${PODS_ROOT}/Target Support Files/Pods-ListOfNotes/Pods-ListOfNotes-frameworks.sh\"\n";
			showEnvVarsInLog = 0;
		};
/* End PBXShellScriptBuildPhase section */

/* Begin PBXSourcesBuildPhase section */
		82E44CCD2B04F7970040B370 /* Sources */ = {
			isa = PBXSourcesBuildPhase;
			buildActionMask = 2147483647;
			files = (
				82474F322B06144F00A11480 /* TODOListItemDetailsViewController.swift in Sources */,
				82E44CD92B04F7970040B370 /* ViewController.swift in Sources */,
				820C8E732B0504BB0076DD68 /* TODOListItemObject.swift in Sources */,
				82E44CD52B04F7970040B370 /* AppDelegate.swift in Sources */,
				82E44CD72B04F7970040B370 /* SceneDelegate.swift in Sources */,
				82474F2C2B06139600A11480 /* TODOListDataSource.swift in Sources */,
				82474F342B0614A000A11480 /* TODOListViewController.swift in Sources */,
				82474F2E2B0613F700A11480 /* TODOListItem .swift in Sources */,
				820C8E712B0502060076DD68 /* PersistenceManager.swift in Sources */,
			);
			runOnlyForDeploymentPostprocessing = 0;
		};
/* End PBXSourcesBuildPhase section */

/* Begin PBXVariantGroup section */
		82E44CDA2B04F7970040B370 /* Main.storyboard */ = {
			isa = PBXVariantGroup;
			children = (
				82E44CDB2B04F7970040B370 /* Base */,
			);
			name = Main.storyboard;
			sourceTree = "<group>";
		};
		82E44CDF2B04F7990040B370 /* LaunchScreen.storyboard */ = {
			isa = PBXVariantGroup;
			children = (
				82E44CE02B04F7990040B370 /* Base */,
			);
			name = LaunchScreen.storyboard;
			sourceTree = "<group>";
		};
/* End PBXVariantGroup section */

/* Begin XCBuildConfiguration section */
		82E44CE32B04F7990040B370 /* Debug */ = {
			isa = XCBuildConfiguration;
			buildSettings = {
				ALWAYS_SEARCH_USER_PATHS = NO;
				CLANG_ANALYZER_NONNULL = YES;
				CLANG_ANALYZER_NUMBER_OBJECT_CONVERSION = YES_AGGRESSIVE;
				CLANG_CXX_LANGUAGE_STANDARD = "gnu++20";
				CLANG_ENABLE_MODULES = YES;
				CLANG_ENABLE_OBJC_ARC = YES;
				CLANG_ENABLE_OBJC_WEAK = YES;
				CLANG_WARN_BLOCK_CAPTURE_AUTORELEASING = YES;
				CLANG_WARN_BOOL_CONVERSION = YES;
				CLANG_WARN_COMMA = YES;
				CLANG_WARN_CONSTANT_CONVERSION = YES;
				CLANG_WARN_DEPRECATED_OBJC_IMPLEMENTATIONS = YES;
				CLANG_WARN_DIRECT_OBJC_ISA_USAGE = YES_ERROR;
				CLANG_WARN_DOCUMENTATION_COMMENTS = YES;
				CLANG_WARN_EMPTY_BODY = YES;
				CLANG_WARN_ENUM_CONVERSION = YES;
				CLANG_WARN_INFINITE_RECURSION = YES;
				CLANG_WARN_INT_CONVERSION = YES;
				CLANG_WARN_NON_LITERAL_NULL_CONVERSION = YES;
				CLANG_WARN_OBJC_IMPLICIT_RETAIN_SELF = YES;
				CLANG_WARN_OBJC_LITERAL_CONVERSION = YES;
				CLANG_WARN_OBJC_ROOT_CLASS = YES_ERROR;
				CLANG_WARN_QUOTED_INCLUDE_IN_FRAMEWORK_HEADER = YES;
				CLANG_WARN_RANGE_LOOP_ANALYSIS = YES;
				CLANG_WARN_STRICT_PROTOTYPES = YES;
				CLANG_WARN_SUSPICIOUS_MOVE = YES;
				CLANG_WARN_UNGUARDED_AVAILABILITY = YES_AGGRESSIVE;
				CLANG_WARN_UNREACHABLE_CODE = YES;
				CLANG_WARN__DUPLICATE_METHOD_MATCH = YES;
				COPY_PHASE_STRIP = NO;
				DEBUG_INFORMATION_FORMAT = dwarf;
				ENABLE_STRICT_OBJC_MSGSEND = YES;
				ENABLE_TESTABILITY = YES;
				GCC_C_LANGUAGE_STANDARD = gnu11;
				GCC_DYNAMIC_NO_PIC = NO;
				GCC_NO_COMMON_BLOCKS = YES;
				GCC_OPTIMIZATION_LEVEL = 0;
				GCC_PREPROCESSOR_DEFINITIONS = (
					"DEBUG=1",
					"$(inherited)",
				);
				GCC_WARN_64_TO_32_BIT_CONVERSION = YES;
				GCC_WARN_ABOUT_RETURN_TYPE = YES_ERROR;
				GCC_WARN_UNDECLARED_SELECTOR = YES;
				GCC_WARN_UNINITIALIZED_AUTOS = YES_AGGRESSIVE;
				GCC_WARN_UNUSED_FUNCTION = YES;
				GCC_WARN_UNUSED_VARIABLE = YES;
				IPHONEOS_DEPLOYMENT_TARGET = 16.2;
				MTL_ENABLE_DEBUG_INFO = INCLUDE_SOURCE;
				MTL_FAST_MATH = YES;
				ONLY_ACTIVE_ARCH = YES;
				SDKROOT = iphoneos;
				SWIFT_ACTIVE_COMPILATION_CONDITIONS = DEBUG;
				SWIFT_OPTIMIZATION_LEVEL = "-Onone";
			};
			name = Debug;
		};
		82E44CE42B04F7990040B370 /* Release */ = {
			isa = XCBuildConfiguration;
			buildSettings = {
				ALWAYS_SEARCH_USER_PATHS = NO;
				CLANG_ANALYZER_NONNULL = YES;
				CLANG_ANALYZER_NUMBER_OBJECT_CONVERSION = YES_AGGRESSIVE;
				CLANG_CXX_LANGUAGE_STANDARD = "gnu++20";
				CLANG_ENABLE_MODULES = YES;
				CLANG_ENABLE_OBJC_ARC = YES;
				CLANG_ENABLE_OBJC_WEAK = YES;
				CLANG_WARN_BLOCK_CAPTURE_AUTORELEASING = YES;
				CLANG_WARN_BOOL_CONVERSION = YES;
				CLANG_WARN_COMMA = YES;
				CLANG_WARN_CONSTANT_CONVERSION = YES;
				CLANG_WARN_DEPRECATED_OBJC_IMPLEMENTATIONS = YES;
				CLANG_WARN_DIRECT_OBJC_ISA_USAGE = YES_ERROR;
				CLANG_WARN_DOCUMENTATION_COMMENTS = YES;
				CLANG_WARN_EMPTY_BODY = YES;
				CLANG_WARN_ENUM_CONVERSION = YES;
				CLANG_WARN_INFINITE_RECURSION = YES;
				CLANG_WARN_INT_CONVERSION = YES;
				CLANG_WARN_NON_LITERAL_NULL_CONVERSION = YES;
				CLANG_WARN_OBJC_IMPLICIT_RETAIN_SELF = YES;
				CLANG_WARN_OBJC_LITERAL_CONVERSION = YES;
				CLANG_WARN_OBJC_ROOT_CLASS = YES_ERROR;
				CLANG_WARN_QUOTED_INCLUDE_IN_FRAMEWORK_HEADER = YES;
				CLANG_WARN_RANGE_LOOP_ANALYSIS = YES;
				CLANG_WARN_STRICT_PROTOTYPES = YES;
				CLANG_WARN_SUSPICIOUS_MOVE = YES;
				CLANG_WARN_UNGUARDED_AVAILABILITY = YES_AGGRESSIVE;
				CLANG_WARN_UNREACHABLE_CODE = YES;
				CLANG_WARN__DUPLICATE_METHOD_MATCH = YES;
				COPY_PHASE_STRIP = NO;
				DEBUG_INFORMATION_FORMAT = "dwarf-with-dsym";
				ENABLE_NS_ASSERTIONS = NO;
				ENABLE_STRICT_OBJC_MSGSEND = YES;
				GCC_C_LANGUAGE_STANDARD = gnu11;
				GCC_NO_COMMON_BLOCKS = YES;
				GCC_WARN_64_TO_32_BIT_CONVERSION = YES;
				GCC_WARN_ABOUT_RETURN_TYPE = YES_ERROR;
				GCC_WARN_UNDECLARED_SELECTOR = YES;
				GCC_WARN_UNINITIALIZED_AUTOS = YES_AGGRESSIVE;
				GCC_WARN_UNUSED_FUNCTION = YES;
				GCC_WARN_UNUSED_VARIABLE = YES;
				IPHONEOS_DEPLOYMENT_TARGET = 16.2;
				MTL_ENABLE_DEBUG_INFO = NO;
				MTL_FAST_MATH = YES;
				SDKROOT = iphoneos;
				SWIFT_COMPILATION_MODE = wholemodule;
				SWIFT_OPTIMIZATION_LEVEL = "-O";
				VALIDATE_PRODUCT = YES;
			};
			name = Release;
		};
		82E44CE62B04F7990040B370 /* Debug */ = {
			isa = XCBuildConfiguration;
			baseConfigurationReference = 70FA167990D3C764A8892F1A /* Pods-ListOfNotes.debug.xcconfig */;
			buildSettings = {
				ASSETCATALOG_COMPILER_APPICON_NAME = AppIcon;
				ASSETCATALOG_COMPILER_GLOBAL_ACCENT_COLOR_NAME = AccentColor;
				CODE_SIGN_STYLE = Automatic;
				CURRENT_PROJECT_VERSION = 1;
				DEVELOPMENT_TEAM = 5VK9MGNRY3;
				GENERATE_INFOPLIST_FILE = YES;
				INFOPLIST_FILE = ListOfNotes/Info.plist;
				INFOPLIST_KEY_UIApplicationSupportsIndirectInputEvents = YES;
				INFOPLIST_KEY_UILaunchStoryboardName = LaunchScreen;
				INFOPLIST_KEY_UIMainStoryboardFile = Main;
				INFOPLIST_KEY_UISupportedInterfaceOrientations_iPad = "UIInterfaceOrientationPortrait UIInterfaceOrientationPortraitUpsideDown UIInterfaceOrientationLandscapeLeft UIInterfaceOrientationLandscapeRight";
				INFOPLIST_KEY_UISupportedInterfaceOrientations_iPhone = "UIInterfaceOrientationPortrait UIInterfaceOrientationLandscapeLeft UIInterfaceOrientationLandscapeRight";
				IPHONEOS_DEPLOYMENT_TARGET = 15.0;
				LD_RUNPATH_SEARCH_PATHS = (
					"$(inherited)",
					"@executable_path/Frameworks",
				);
				MARKETING_VERSION = 1.0;
				PRODUCT_BUNDLE_IDENTIFIER = pavelShymanski.ListOfNotes;
				PRODUCT_NAME = "$(TARGET_NAME)";
				SWIFT_EMIT_LOC_STRINGS = YES;
				SWIFT_VERSION = 5.0;
				TARGETED_DEVICE_FAMILY = "1,2";
			};
			name = Debug;
		};
		82E44CE72B04F7990040B370 /* Release */ = {
			isa = XCBuildConfiguration;
			baseConfigurationReference = 8FEAACA66BFB2273AC90F7E5 /* Pods-ListOfNotes.release.xcconfig */;
			buildSettings = {
				ASSETCATALOG_COMPILER_APPICON_NAME = AppIcon;
				ASSETCATALOG_COMPILER_GLOBAL_ACCENT_COLOR_NAME = AccentColor;
				CODE_SIGN_STYLE = Automatic;
				CURRENT_PROJECT_VERSION = 1;
				DEVELOPMENT_TEAM = 5VK9MGNRY3;
				GENERATE_INFOPLIST_FILE = YES;
				INFOPLIST_FILE = ListOfNotes/Info.plist;
				INFOPLIST_KEY_UIApplicationSupportsIndirectInputEvents = YES;
				INFOPLIST_KEY_UILaunchStoryboardName = LaunchScreen;
				INFOPLIST_KEY_UIMainStoryboardFile = Main;
				INFOPLIST_KEY_UISupportedInterfaceOrientations_iPad = "UIInterfaceOrientationPortrait UIInterfaceOrientationPortraitUpsideDown UIInterfaceOrientationLandscapeLeft UIInterfaceOrientationLandscapeRight";
				INFOPLIST_KEY_UISupportedInterfaceOrientations_iPhone = "UIInterfaceOrientationPortrait UIInterfaceOrientationLandscapeLeft UIInterfaceOrientationLandscapeRight";
				IPHONEOS_DEPLOYMENT_TARGET = 15.0;
				LD_RUNPATH_SEARCH_PATHS = (
					"$(inherited)",
					"@executable_path/Frameworks",
				);
				MARKETING_VERSION = 1.0;
				PRODUCT_BUNDLE_IDENTIFIER = pavelShymanski.ListOfNotes;
				PRODUCT_NAME = "$(TARGET_NAME)";
				SWIFT_EMIT_LOC_STRINGS = YES;
				SWIFT_VERSION = 5.0;
				TARGETED_DEVICE_FAMILY = "1,2";
			};
			name = Release;
		};
/* End XCBuildConfiguration section */

/* Begin XCConfigurationList section */
		82E44CCC2B04F7970040B370 /* Build configuration list for PBXProject "ListOfNotes" */ = {
			isa = XCConfigurationList;
			buildConfigurations = (
				82E44CE32B04F7990040B370 /* Debug */,
				82E44CE42B04F7990040B370 /* Release */,
			);
			defaultConfigurationIsVisible = 0;
			defaultConfigurationName = Release;
		};
		82E44CE52B04F7990040B370 /* Build configuration list for PBXNativeTarget "ListOfNotes" */ = {
			isa = XCConfigurationList;
			buildConfigurations = (
				82E44CE62B04F7990040B370 /* Debug */,
				82E44CE72B04F7990040B370 /* Release */,
			);
			defaultConfigurationIsVisible = 0;
			defaultConfigurationName = Release;
		};
/* End XCConfigurationList section */
	};
	rootObject = 82E44CC92B04F7970040B370 /* Project object */;
}
